[[package]]
name = "jinja2"
version = "3.1.2"
description = "A very fast and expressive template engine."
category = "dev"
optional = false
python-versions = ">=3.7"

[package.dependencies]
MarkupSafe = ">=2.0"

[package.extras]
i18n = ["Babel (>=2.7)"]

[[package]]
name = "markupsafe"
version = "2.1.1"
description = "Safely add untrusted strings to HTML/XML markup."
category = "dev"
optional = false
python-versions = ">=3.7"

[[package]]
name = "numpy"
version = "1.23.5"
description = "NumPy is the fundamental package for array computing with Python."
category = "dev"
optional = false
python-versions = ">=3.8"

[[package]]
name = "pdoc"
version = "12.3.0"
description = "API Documentation for Python Projects"
category = "dev"
optional = false
python-versions = ">=3.7"

[package.dependencies]
Jinja2 = ">=2.11.0"
MarkupSafe = "*"
pygments = ">=2.12.0"

[package.extras]
dev = ["autoflake", "black", "flake8", "hypothesis", "mypy", "pytest", "pytest-cov", "pytest-timeout", "pyupgrade", "reorder-python-imports", "tox", "yesqa"]

[[package]]
name = "pygments"
version = "2.13.0"
description = "Pygments is a syntax highlighting package written in Python."
category = "dev"
optional = false
python-versions = ">=3.6"

[package.extras]
plugins = ["importlib-metadata"]

[metadata]
lock-version = "1.1"
python-versions = "^3.11"
content-hash = "1b5c2d5a48b92ca68d27027ca047b4e2ddfa831cae0b2e6362a56ef867a91e8d"

[metadata.files]
jinja2 = []
markupsafe = []
numpy = []
pdoc = [
    {file = "pdoc-12.3.0-py3-none-any.whl", hash = "sha256:0c520a6af892863b8712abb6abaad2c928366d7dee727715177774623c30405d"},
    {file = "pdoc-12.3.0.tar.gz", hash = "sha256:b245903dd8fb515b99d838bb1ad3efeb706fa0efd925a886c4624bf946afaab5"},
]
pygments = []
